# THIS IS AN AUTOGENERATED FILE. DO NOT EDIT THIS FILE DIRECTLY.
# yarn lockfile v1


"@babel/runtime@^7.23.9", "@babel/runtime@^7.5.5", "@babel/runtime@^7.8.7":
  version "7.24.4"
  resolved "https://registry.yarnpkg.com/@babel/runtime/-/runtime-7.24.4.tgz#de795accd698007a66ba44add6cc86542aff1edd"
  integrity sha512-dkxf7+hn8mFBwKjs9bvBlArzLVxVbS8usaPUDd5p2a9JCL9tB8OaOVN1isD4+Xyk4ns89/xeOmbQvgdK7IIVdA==
  dependencies:
    regenerator-runtime "^0.14.0"

"@emotion/cache@^11.11.0":
  version "11.11.0"
  resolved "https://registry.yarnpkg.com/@emotion/cache/-/cache-11.11.0.tgz#809b33ee6b1cb1a625fef7a45bc568ccd9b8f3ff"
  integrity sha512-P34z9ssTCBi3e9EI1ZsWpNHcfY1r09ZO0rZbRO2ob3ZQMnFI35jB536qoXbkdesr5EUhYi22anuEJuyxifaqAQ==
  dependencies:
    "@emotion/memoize" "^0.8.1"
    "@emotion/sheet" "^1.2.2"
    "@emotion/utils" "^1.2.1"
    "@emotion/weak-memoize" "^0.3.1"
    stylis "4.2.0"

"@emotion/memoize@^0.8.1":
  version "0.8.1"
  resolved "https://registry.yarnpkg.com/@emotion/memoize/-/memoize-0.8.1.tgz#c1ddb040429c6d21d38cc945fe75c818cfb68e17"
  integrity sha512-W2P2c/VRW1/1tLox0mVUalvnWXxavmv/Oum2aPsRcoDJuob75FC3Y8FbpfLwUegRcxINtGUMPq0tFCvYNTBXNA==

"@emotion/sheet@^1.2.2":
  version "1.2.2"
  resolved "https://registry.yarnpkg.com/@emotion/sheet/-/sheet-1.2.2.tgz#d58e788ee27267a14342303e1abb3d508b6d0fec"
  integrity sha512-0QBtGvaqtWi+nx6doRwDdBIzhNdZrXUppvTM4dtZZWEGTXL/XE/yJxLMGlDT1Gt+UHH5IX1n+jkXyytE/av7OA==

"@emotion/utils@^1.2.1":
  version "1.2.1"
  resolved "https://registry.yarnpkg.com/@emotion/utils/-/utils-1.2.1.tgz#bbab58465738d31ae4cb3dbb6fc00a5991f755e4"
  integrity sha512-Y2tGf3I+XVnajdItskUCn6LX+VUDmP6lTL4fcqsXAv43dnlbZiuW4MWQW38rW/BVWSE7Q/7+XQocmpnRYILUmg==

"@emotion/weak-memoize@^0.3.1":
  version "0.3.1"
  resolved "https://registry.yarnpkg.com/@emotion/weak-memoize/-/weak-memoize-0.3.1.tgz#d0fce5d07b0620caa282b5131c297bb60f9d87e6"
  integrity sha512-EsBwpc7hBUJWAsNPBmJy4hxWx12v6bshQsldrVmjxJoc3isbxhOrF2IcCpaXxfvq03NwkI7sbsOLXbYuqF/8Ww==

"@floating-ui/core@^1.0.0":
  version "1.6.0"
  resolved "https://registry.yarnpkg.com/@floating-ui/core/-/core-1.6.0.tgz#fa41b87812a16bf123122bf945946bae3fdf7fc1"
  integrity sha512-PcF++MykgmTj3CIyOQbKA/hDzOAiqI3mhuoN44WRCopIs1sgoDoU4oty4Jtqaj/y3oDU6fnVSm4QG0a3t5i0+g==
  dependencies:
    "@floating-ui/utils" "^0.2.1"

"@floating-ui/dom@^1.6.1":
  version "1.6.3"
  resolved "https://registry.yarnpkg.com/@floating-ui/dom/-/dom-1.6.3.tgz#954e46c1dd3ad48e49db9ada7218b0985cee75ef"
  integrity sha512-RnDthu3mzPlQ31Ss/BTwQ1zjzIhr3lk1gZB1OC56h/1vEtaXkESrOqL5fQVMfXpwGtRwX+YsZBdyHtJMQnkArw==
  dependencies:
    "@floating-ui/core" "^1.0.0"
    "@floating-ui/utils" "^0.2.0"

"@floating-ui/react-dom@^2.0.8":
  version "2.0.8"
  resolved "https://registry.yarnpkg.com/@floating-ui/react-dom/-/react-dom-2.0.8.tgz#afc24f9756d1b433e1fe0d047c24bd4d9cefaa5d"
  integrity sha512-HOdqOt3R3OGeTKidaLvJKcgg75S6tibQ3Tif4eyd91QnIJWr0NLvoXFpJA/j8HqkFSL68GDca9AuyWEHlhyClw==
  dependencies:
    "@floating-ui/dom" "^1.6.1"

"@floating-ui/utils@^0.2.0", "@floating-ui/utils@^0.2.1":
  version "0.2.1"
  resolved "https://registry.yarnpkg.com/@floating-ui/utils/-/utils-0.2.1.tgz#16308cea045f0fc777b6ff20a9f25474dd8293d2"
  integrity sha512-9TANp6GPoMtYzQdt54kfAyMmz1+osLlXdg2ENroU7zzrtflTLrrC/lgrIfaSe+Wu0b89GKccT7vxXA0MoAIO+Q==

"@fortawesome/fontawesome-common-types@6.5.2":
  version "6.5.2"
  resolved "https://registry.yarnpkg.com/@fortawesome/fontawesome-common-types/-/fontawesome-common-types-6.5.2.tgz#eaf2f5699f73cef198454ebc0c414e3688898179"
  integrity sha512-gBxPg3aVO6J0kpfHNILc+NMhXnqHumFxOmjYCFfOiLZfwhnnfhtsdA2hfJlDnj+8PjAs6kKQPenOTKj3Rf7zHw==

"@fortawesome/fontawesome-svg-core@^6.5.2":
  version "6.5.2"
  resolved "https://registry.yarnpkg.com/@fortawesome/fontawesome-svg-core/-/fontawesome-svg-core-6.5.2.tgz#4b42de71e196039b0d5ccf88559b8044e3296c21"
  integrity sha512-5CdaCBGl8Rh9ohNdxeeTMxIj8oc3KNBgIeLMvJosBMdslK/UnEB8rzyDRrbKdL1kDweqBPo4GT9wvnakHWucZw==
  dependencies:
    "@fortawesome/fontawesome-common-types" "6.5.2"

"@fortawesome/free-brands-svg-icons@^6.5.2":
  version "6.5.2"
  resolved "https://registry.yarnpkg.com/@fortawesome/free-brands-svg-icons/-/free-brands-svg-icons-6.5.2.tgz#bfca0cebd2c4713dc93244e1fa8b384f1f023587"
  integrity sha512-zi5FNYdmKLnEc0jc0uuHH17kz/hfYTg4Uei0wMGzcoCL/4d3WM3u1VMc0iGGa31HuhV5i7ZK8ZlTCQrHqRHSGQ==
  dependencies:
    "@fortawesome/fontawesome-common-types" "6.5.2"

"@fortawesome/free-solid-svg-icons@^6.5.2":
  version "6.5.2"
  resolved "https://registry.yarnpkg.com/@fortawesome/free-solid-svg-icons/-/free-solid-svg-icons-6.5.2.tgz#9b40b077b27400a5e9fcbf2d15b986c7be69e9ca"
  integrity sha512-QWFZYXFE7O1Gr1dTIp+D6UcFUF0qElOnZptpi7PBUMylJh+vFmIedVe1Ir6RM1t2tEQLLSV1k7bR4o92M+uqlw==
  dependencies:
    "@fortawesome/fontawesome-common-types" "6.5.2"

"@fortawesome/react-fontawesome@^0.2.0":
  version "0.2.0"
  resolved "https://registry.yarnpkg.com/@fortawesome/react-fontawesome/-/react-fontawesome-0.2.0.tgz#d90dd8a9211830b4e3c08e94b63a0ba7291ddcf4"
  integrity sha512-uHg75Rb/XORTtVt7OS9WoK8uM276Ufi7gCzshVWkUJbHhh3svsUUeqXerrM96Wm7fRiDzfKRwSoahhMIkGAYHw==
  dependencies:
    prop-types "^15.8.1"

"@mui/base@5.0.0-beta.40":
  version "5.0.0-beta.40"
  resolved "https://registry.yarnpkg.com/@mui/base/-/base-5.0.0-beta.40.tgz#1f8a782f1fbf3f84a961e954c8176b187de3dae2"
  integrity sha512-I/lGHztkCzvwlXpjD2+SNmvNQvB4227xBXhISPjEaJUXGImOQ9f3D2Yj/T3KasSI/h0MLWy74X0J6clhPmsRbQ==
  dependencies:
    "@babel/runtime" "^7.23.9"
    "@floating-ui/react-dom" "^2.0.8"
    "@mui/types" "^7.2.14"
    "@mui/utils" "^5.15.14"
    "@popperjs/core" "^2.11.8"
    clsx "^2.1.0"
    prop-types "^15.8.1"

"@mui/core-downloads-tracker@^5.15.15":
  version "5.15.15"
  resolved "https://registry.yarnpkg.com/@mui/core-downloads-tracker/-/core-downloads-tracker-5.15.15.tgz#2bc2bda50db66c12f10aefec907c48c8f669ef59"
  integrity sha512-aXnw29OWQ6I5A47iuWEI6qSSUfH6G/aCsW9KmW3LiFqr7uXZBK4Ks+z8G+qeIub8k0T5CMqlT2q0L+ZJTMrqpg==

"@mui/material@^5.15.15":
  version "5.15.15"
  resolved "https://registry.yarnpkg.com/@mui/material/-/material-5.15.15.tgz#e3ba35f50b510aa677cec3261abddc2db7b20b59"
  integrity sha512-3zvWayJ+E1kzoIsvwyEvkTUKVKt1AjchFFns+JtluHCuvxgKcLSRJTADw37k0doaRtVAsyh8bz9Afqzv+KYrIA==
  dependencies:
    "@babel/runtime" "^7.23.9"
    "@mui/base" "5.0.0-beta.40"
    "@mui/core-downloads-tracker" "^5.15.15"
    "@mui/system" "^5.15.15"
    "@mui/types" "^7.2.14"
    "@mui/utils" "^5.15.14"
    "@types/react-transition-group" "^4.4.10"
    clsx "^2.1.0"
    csstype "^3.1.3"
    prop-types "^15.8.1"
    react-is "^18.2.0"
    react-transition-group "^4.4.5"

"@mui/private-theming@^5.15.14":
  version "5.15.14"
  resolved "https://registry.yarnpkg.com/@mui/private-theming/-/private-theming-5.15.14.tgz#edd9a82948ed01586a01c842eb89f0e3f68970ee"
  integrity sha512-UH0EiZckOWcxiXLX3Jbb0K7rC8mxTr9L9l6QhOZxYc4r8FHUkefltV9VDGLrzCaWh30SQiJvAEd7djX3XXY6Xw==
  dependencies:
    "@babel/runtime" "^7.23.9"
    "@mui/utils" "^5.15.14"
    prop-types "^15.8.1"

"@mui/styled-engine@^5.15.14":
  version "5.15.14"
  resolved "https://registry.yarnpkg.com/@mui/styled-engine/-/styled-engine-5.15.14.tgz#168b154c4327fa4ccc1933a498331d53f61c0de2"
  integrity sha512-RILkuVD8gY6PvjZjqnWhz8fu68dVkqhM5+jYWfB5yhlSQKg+2rHkmEwm75XIeAqI3qwOndK6zELK5H6Zxn4NHw==
  dependencies:
    "@babel/runtime" "^7.23.9"
    "@emotion/cache" "^11.11.0"
    csstype "^3.1.3"
    prop-types "^15.8.1"

"@mui/system@^5.15.15":
  version "5.15.15"
  resolved "https://registry.yarnpkg.com/@mui/system/-/system-5.15.15.tgz#658771b200ce3c4a0f28e58169f02e5e718d1c53"
  integrity sha512-aulox6N1dnu5PABsfxVGOZffDVmlxPOVgj56HrUnJE8MCSh8lOvvkd47cebIVQQYAjpwieXQXiDPj5pwM40jTQ==
  dependencies:
    "@babel/runtime" "^7.23.9"
    "@mui/private-theming" "^5.15.14"
    "@mui/styled-engine" "^5.15.14"
    "@mui/types" "^7.2.14"
    "@mui/utils" "^5.15.14"
    clsx "^2.1.0"
    csstype "^3.1.3"
    prop-types "^15.8.1"

"@mui/types@^7.2.14":
  version "7.2.14"
  resolved "https://registry.yarnpkg.com/@mui/types/-/types-7.2.14.tgz#8a02ac129b70f3d82f2f9b76ded2c8d48e3fc8c9"
  integrity sha512-MZsBZ4q4HfzBsywtXgM1Ksj6HDThtiwmOKUXH1pKYISI9gAVXCNHNpo7TlGoGrBaYWZTdNoirIN7JsQcQUjmQQ==

"@mui/utils@^5.15.14":
  version "5.15.14"
  resolved "https://registry.yarnpkg.com/@mui/utils/-/utils-5.15.14.tgz#e414d7efd5db00bfdc875273a40c0a89112ade3a"
  integrity sha512-0lF/7Hh/ezDv5X7Pry6enMsbYyGKjADzvHyo3Qrc/SSlTsQ1VkbDMbH0m2t3OR5iIVLwMoxwM7yGd+6FCMtTFA==
  dependencies:
    "@babel/runtime" "^7.23.9"
    "@types/prop-types" "^15.7.11"
    prop-types "^15.8.1"
    react-is "^18.2.0"

"@next/env@14.1.4":
  version "14.1.4"
  resolved "https://registry.yarnpkg.com/@next/env/-/env-14.1.4.tgz#432e80651733fbd67230bf262aee28be65252674"
  integrity sha512-e7X7bbn3Z6DWnDi75UWn+REgAbLEqxI8Tq2pkFOFAMpWAWApz/YCUhtWMWn410h8Q2fYiYL7Yg5OlxMOCfFjJQ==

"@next/swc-darwin-arm64@14.1.4":
  version "14.1.4"
  resolved "https://registry.yarnpkg.com/@next/swc-darwin-arm64/-/swc-darwin-arm64-14.1.4.tgz#a3bca0dc4393ac4cf3169bbf24df63441de66bb7"
  integrity sha512-ubmUkbmW65nIAOmoxT1IROZdmmJMmdYvXIe8211send9ZYJu+SqxSnJM4TrPj9wmL6g9Atvj0S/2cFmMSS99jg==

"@next/swc-darwin-x64@14.1.4":
  version "14.1.4"
  resolved "https://registry.yarnpkg.com/@next/swc-darwin-x64/-/swc-darwin-x64-14.1.4.tgz#ba3683d4e2d30099f3f2864dd7349a4d9f440140"
  integrity sha512-b0Xo1ELj3u7IkZWAKcJPJEhBop117U78l70nfoQGo4xUSvv0PJSTaV4U9xQBLvZlnjsYkc8RwQN1HoH/oQmLlQ==

"@next/swc-linux-arm64-gnu@14.1.4":
  version "14.1.4"
  resolved "https://registry.yarnpkg.com/@next/swc-linux-arm64-gnu/-/swc-linux-arm64-gnu-14.1.4.tgz#3519969293f16379954b7e196deb0c1eecbb2f8b"
  integrity sha512-457G0hcLrdYA/u1O2XkRMsDKId5VKe3uKPvrKVOyuARa6nXrdhJOOYU9hkKKyQTMru1B8qEP78IAhf/1XnVqKA==

"@next/swc-linux-arm64-musl@14.1.4":
  version "14.1.4"
  resolved "https://registry.yarnpkg.com/@next/swc-linux-arm64-musl/-/swc-linux-arm64-musl-14.1.4.tgz#4bb3196bd402b3f84cf5373ff1021f547264d62f"
  integrity sha512-l/kMG+z6MB+fKA9KdtyprkTQ1ihlJcBh66cf0HvqGP+rXBbOXX0dpJatjZbHeunvEHoBBS69GYQG5ry78JMy3g==

"@next/swc-linux-x64-gnu@14.1.4":
  version "14.1.4"
  resolved "https://registry.yarnpkg.com/@next/swc-linux-x64-gnu/-/swc-linux-x64-gnu-14.1.4.tgz#1b3372c98c83dcdab946cdb4ee06e068b8139ba3"
  integrity sha512-BapIFZ3ZRnvQ1uWbmqEGJuPT9cgLwvKtxhK/L2t4QYO7l+/DxXuIGjvp1x8rvfa/x1FFSsipERZK70pewbtJtw==

"@next/swc-linux-x64-musl@14.1.4":
  version "14.1.4"
  resolved "https://registry.yarnpkg.com/@next/swc-linux-x64-musl/-/swc-linux-x64-musl-14.1.4.tgz#8459088bdc872648ff78f121db596f2533df5808"
  integrity sha512-mqVxTwk4XuBl49qn2A5UmzFImoL1iLm0KQQwtdRJRKl21ylQwwGCxJtIYo2rbfkZHoSKlh/YgztY0qH3wG1xIg==

"@next/swc-win32-arm64-msvc@14.1.4":
  version "14.1.4"
  resolved "https://registry.yarnpkg.com/@next/swc-win32-arm64-msvc/-/swc-win32-arm64-msvc-14.1.4.tgz#84280a08c00cc3be24ddd3a12f4617b108e6dea6"
  integrity sha512-xzxF4ErcumXjO2Pvg/wVGrtr9QQJLk3IyQX1ddAC/fi6/5jZCZ9xpuL9Tzc4KPWMFq8GGWFVDMshZOdHGdkvag==

"@next/swc-win32-ia32-msvc@14.1.4":
  version "14.1.4"
  resolved "https://registry.yarnpkg.com/@next/swc-win32-ia32-msvc/-/swc-win32-ia32-msvc-14.1.4.tgz#23ff7f4bd0a27177428669ef6fa5c3923c738031"
  integrity sha512-WZiz8OdbkpRw6/IU/lredZWKKZopUMhcI2F+XiMAcPja0uZYdMTZQRoQ0WZcvinn9xZAidimE7tN9W5v9Yyfyw==

"@next/swc-win32-x64-msvc@14.1.4":
  version "14.1.4"
  resolved "https://registry.yarnpkg.com/@next/swc-win32-x64-msvc/-/swc-win32-x64-msvc-14.1.4.tgz#bccf5beccfde66d6c66fa4e2509118c796385eda"
  integrity sha512-4Rto21sPfw555sZ/XNLqfxDUNeLhNYGO2dlPqsnuCg8N8a2a9u1ltqBOPQ4vj1Gf7eJC0W2hHG2eYUHuiXgY2w==

"@popperjs/core@^2.11.8":
  version "2.11.8"
  resolved "https://registry.yarnpkg.com/@popperjs/core/-/core-2.11.8.tgz#6b79032e760a0899cd4204710beede972a3a185f"
  integrity sha512-P1st0aksCrn9sGZhp8GMYwBnQsbvAWsZAX44oXNNvLHGqAOcoVxmjZiohstwQ7SqKnbR47akdNi+uleWD8+g6A==

"@remix-run/router@1.15.3":
  version "1.15.3"
  resolved "https://registry.yarnpkg.com/@remix-run/router/-/router-1.15.3.tgz#d2509048d69dbb72d5389a14945339f1430b2d3c"
  integrity sha512-Oy8rmScVrVxWZVOpEF57ovlnhpZ8CCPlnIIumVcV9nFdiSIrus99+Lw78ekXyGvVDlIsFJbSfmSovJUhCWYV3w==

"@swc/helpers@0.5.2":
  version "0.5.2"
  resolved "https://registry.yarnpkg.com/@swc/helpers/-/helpers-0.5.2.tgz#85ea0c76450b61ad7d10a37050289eded783c27d"
  integrity sha512-E4KcWTpoLHqwPHLxidpOqQbcrZVgi0rsmmZXUle1jXmJfuIf/UWpczUJ7MZZ5tlxytgJXyp0w4PGkkeLiuIdZw==
  dependencies:
    tslib "^2.4.0"

"@types/prop-types@*", "@types/prop-types@^15.7.11":
  version "15.7.12"
  resolved "https://registry.yarnpkg.com/@types/prop-types/-/prop-types-15.7.12.tgz#12bb1e2be27293c1406acb6af1c3f3a1481d98c6"
  integrity sha512-5zvhXYtRNRluoE/jAp4GVsSduVUzNWKkOZrCDBWYtE7biZywwdC2AcEzg+cSMLFRfVgeAFqpfNabiPjxFddV1Q==

"@types/react-transition-group@^4.4.10":
  version "4.4.10"
  resolved "https://registry.yarnpkg.com/@types/react-transition-group/-/react-transition-group-4.4.10.tgz#6ee71127bdab1f18f11ad8fb3322c6da27c327ac"
  integrity sha512-hT/+s0VQs2ojCX823m60m5f0sL5idt9SO6Tj6Dg+rdphGPIeJbJ6CxvBYkgkGKrYeDjvIpKTR38UzmtHJOGW3Q==
  dependencies:
    "@types/react" "*"

"@types/react@*":
  version "18.2.75"
  resolved "https://registry.yarnpkg.com/@types/react/-/react-18.2.75.tgz#45d18f384939306d35312def1bf532eb38a68562"
  integrity sha512-+DNnF7yc5y0bHkBTiLKqXFe+L4B3nvOphiMY3tuA5X10esmjqk7smyBZzbGTy2vsiy/Bnzj8yFIBL8xhRacoOg==
  dependencies:
    "@types/prop-types" "*"
    csstype "^3.0.2"

busboy@1.6.0:
  version "1.6.0"
  resolved "https://registry.yarnpkg.com/busboy/-/busboy-1.6.0.tgz#966ea36a9502e43cdb9146962523b92f531f6893"
  integrity sha512-8SFQbg/0hQ9xy3UNTB0YEnsNBbWfhf7RtnzpL7TkBiTBRfrQ9Fxcnz7VJsleJpyp6rVLvXiuORqjlHi5q+PYuA==
  dependencies:
    streamsearch "^1.1.0"

caniuse-lite@^1.0.30001579:
  version "1.0.30001608"
  resolved "https://registry.yarnpkg.com/caniuse-lite/-/caniuse-lite-1.0.30001608.tgz#7ae6e92ffb300e4b4ec2f795e0abab456ec06cc0"
  integrity sha512-cjUJTQkk9fQlJR2s4HMuPMvTiRggl0rAVMtthQuyOlDWuqHXqN8azLq+pi8B2TjwKJ32diHjUqRIKeFX4z1FoA==

classnames@^2.2.3:
  version "2.5.1"
  resolved "https://registry.yarnpkg.com/classnames/-/classnames-2.5.1.tgz#ba774c614be0f016da105c858e7159eae8e7687b"
  integrity sha512-saHYOzhIQs6wy2sVxTM6bUDsQO4F50V9RQ22qBpEdCW+I+/Wmke2HOl6lS6dTpdxVhb88/I6+Hs+438c3lfUow==

client-only@0.0.1:
  version "0.0.1"
  resolved "https://registry.yarnpkg.com/client-only/-/client-only-0.0.1.tgz#38bba5d403c41ab150bff64a95c85013cf73bca1"
  integrity sha512-IV3Ou0jSMzZrd3pZ48nLkT9DA7Ag1pnPzaiQhpW7c3RbcqqzvzzVu+L8gfqMp/8IM2MQtSiqaCxrrcfu8I8rMA==

clsx@^2.1.0:
  version "2.1.0"
  resolved "https://registry.yarnpkg.com/clsx/-/clsx-2.1.0.tgz#e851283bcb5c80ee7608db18487433f7b23f77cb"
  integrity sha512-m3iNNWpd9rl3jvvcBnu70ylMdrXt8Vlq4HYadnU5fwcOtvkSQWPmj7amUcDT2qYI7risszBjI5AUIUox9D16pg==

csstype@^3.0.2, csstype@^3.1.3:
  version "3.1.3"
  resolved "https://registry.yarnpkg.com/csstype/-/csstype-3.1.3.tgz#d80ff294d114fb0e6ac500fbf85b60137d7eff81"
  integrity sha512-M1uQkMl8rQK/szD0LNhtqxIPLpimGm8sOBwU7lLnCpSbTyY3yeU1Vc7l4KT5zT4s/yOxHH5O7tIuuLOCnLADRw==

dom-helpers@^5.0.1:
  version "5.2.1"
  resolved "https://registry.yarnpkg.com/dom-helpers/-/dom-helpers-5.2.1.tgz#d9400536b2bf8225ad98fe052e029451ac40e902"
  integrity sha512-nRCa7CK3VTrM2NmGkIy4cbK7IZlgBE/PYMn55rrXefr5xXDP0LdtfPnblFDoVdcAfslJ7or6iqAUnx0CCGIWQA==
  dependencies:
    "@babel/runtime" "^7.8.7"
    csstype "^3.0.2"

graceful-fs@^4.2.11:
  version "4.2.11"
  resolved "https://registry.yarnpkg.com/graceful-fs/-/graceful-fs-4.2.11.tgz#4183e4e8bf08bb6e05bbb2f7d2e0c8f712ca40e3"
  integrity sha512-RbJ5/jmFcNNCcDV5o9eTnBLJ/HszWV0P73bc+Ff4nS/rJj+YaS6IGyiOL0VoBYX+l1Wrl3k63h/KrH+nhJ0XvQ==

"js-tokens@^3.0.0 || ^4.0.0":
  version "4.0.0"
  resolved "https://registry.yarnpkg.com/js-tokens/-/js-tokens-4.0.0.tgz#19203fb59991df98e3a287050d4647cdeaf32499"
  integrity sha512-RdJUflcE3cUzKiMqQgsCu06FPu9UdIJO0beYbPhHN4k6apgJtifcoCtT9bcxOpYBtpD2kCM6Sbzg4CausW/PKQ==

loose-envify@^1.1.0, loose-envify@^1.4.0:
  version "1.4.0"
  resolved "https://registry.yarnpkg.com/loose-envify/-/loose-envify-1.4.0.tgz#71ee51fa7be4caec1a63839f7e682d8132d30caf"
  integrity sha512-lyuxPGr/Wfhrlem2CL/UcnUc1zcqKAImBDzukY7Y5F/yQiNdko6+fRLevlw1HgMySw7f611UIY408EtxRSoK3Q==
  dependencies:
    js-tokens "^3.0.0 || ^4.0.0"

nanoid@^3.3.6:
  version "3.3.7"
  resolved "https://registry.yarnpkg.com/nanoid/-/nanoid-3.3.7.tgz#d0c301a691bc8d54efa0a2226ccf3fe2fd656bd8"
  integrity sha512-eSRppjcPIatRIMC1U6UngP8XFcz8MQWGQdt1MTBQ7NaAmvXDfvNxbvWV3x2y6CdEUciCSsDHDQZbhYaB8QEo2g==

next@14.1.4:
  version "14.1.4"
  resolved "https://registry.yarnpkg.com/next/-/next-14.1.4.tgz#203310f7310578563fd5c961f0db4729ce7a502d"
  integrity sha512-1WTaXeSrUwlz/XcnhGTY7+8eiaFvdet5z9u3V2jb+Ek1vFo0VhHKSAIJvDWfQpttWjnyw14kBeq28TPq7bTeEQ==
  dependencies:
    "@next/env" "14.1.4"
    "@swc/helpers" "0.5.2"
    busboy "1.6.0"
    caniuse-lite "^1.0.30001579"
    graceful-fs "^4.2.11"
    postcss "8.4.31"
    styled-jsx "5.1.1"
  optionalDependencies:
    "@next/swc-darwin-arm64" "14.1.4"
    "@next/swc-darwin-x64" "14.1.4"
    "@next/swc-linux-arm64-gnu" "14.1.4"
    "@next/swc-linux-arm64-musl" "14.1.4"
    "@next/swc-linux-x64-gnu" "14.1.4"
    "@next/swc-linux-x64-musl" "14.1.4"
    "@next/swc-win32-arm64-msvc" "14.1.4"
    "@next/swc-win32-ia32-msvc" "14.1.4"
    "@next/swc-win32-x64-msvc" "14.1.4"

object-assign@^4.1.1:
  version "4.1.1"
  resolved "https://registry.yarnpkg.com/object-assign/-/object-assign-4.1.1.tgz#2109adc7965887cfc05cbbd442cac8bfbb360863"
  integrity sha512-rJgTQnkUnH1sFw8yT6VSU3zD3sWmu6sZhIseY8VX+GRu3P6F7Fu+JNDoXfklElbLJSnc3FUQHVe4cU5hj+BcUg==

picocolors@^1.0.0:
  version "1.0.0"
  resolved "https://registry.yarnpkg.com/picocolors/-/picocolors-1.0.0.tgz#cb5bdc74ff3f51892236eaf79d68bc44564ab81c"
  integrity sha512-1fygroTLlHu66zi26VoTDv8yRgm0Fccecssto+MhsZ0D/DGW2sm8E8AjW7NU5VVTRt5GxbeZ5qBuJr+HyLYkjQ==

postcss@8.4.31:
  version "8.4.31"
  resolved "https://registry.yarnpkg.com/postcss/-/postcss-8.4.31.tgz#92b451050a9f914da6755af352bdc0192508656d"
  integrity sha512-PS08Iboia9mts/2ygV3eLpY5ghnUcfLV/EXTOW1E2qYxJKGGBUtNjN76FYHnMs36RmARn41bC0AZmn+rR0OVpQ==
  dependencies:
    nanoid "^3.3.6"
    picocolors "^1.0.0"
    source-map-js "^1.0.2"

prop-types@^15.6.2, prop-types@^15.8.1:
  version "15.8.1"
  resolved "https://registry.yarnpkg.com/prop-types/-/prop-types-15.8.1.tgz#67d87bf1a694f48435cf332c24af10214a3140b5"
  integrity sha512-oj87CgZICdulUohogVAR7AjlC0327U4el4L6eAvOqCeudMDVU0NThNaV+b9Df4dXgSP1gXMTnPdhfe/2qDH5cg==
  dependencies:
    loose-envify "^1.4.0"
    object-assign "^4.1.1"
    react-is "^16.13.1"

react-dom@^18:
  version "18.2.0"
  resolved "https://registry.yarnpkg.com/react-dom/-/react-dom-18.2.0.tgz#22aaf38708db2674ed9ada224ca4aa708d821e3d"
  integrity sha512-6IMTriUmvsjHUjNtEDudZfuDQUoWXVxKHhlEGSk81n4YFS+r/Kl99wXiwlVXtPBtJenozv2P+hxDsw9eA7Xo6g==
  dependencies:
    loose-envify "^1.1.0"
    scheduler "^0.23.0"

react-is@^16.13.1:
  version "16.13.1"
  resolved "https://registry.yarnpkg.com/react-is/-/react-is-16.13.1.tgz#789729a4dc36de2999dc156dd6c1d9c18cea56a4"
  integrity sha512-24e6ynE2H+OKt4kqsOvNd8kBpV65zoxbA4BVsEOB3ARVWQki/DHzaUoC5KuON/BiccDaCCTZBuOcfZs70kR8bQ==

react-is@^18.2.0:
  version "18.2.0"
  resolved "https://registry.yarnpkg.com/react-is/-/react-is-18.2.0.tgz#199431eeaaa2e09f86427efbb4f1473edb47609b"
  integrity sha512-xWGDIW6x921xtzPkhiULtthJHoJvBbF3q26fzloPCK0hsvxtPVelvftw3zjbHWSkR2km9Z+4uxbDDK/6Zw9B8w==

react-loaders@^3.0.1:
  version "3.0.1"
  resolved "https://registry.yarnpkg.com/react-loaders/-/react-loaders-3.0.1.tgz#963ad7adefe530b24b1ed13faf4645134cf09a0e"
  integrity sha512-4igMNqs9Fb3d4Z+0UHIGQNJsw/37gX0nUO8QxupnEKRn1dtyYC1LGwk5GuaoDciMQCQc/MmPwb4Fn6ZfdoX1FQ==
  dependencies:
    classnames "^2.2.3"

react-router-dom@^6.22.3:
  version "6.22.3"
  resolved "https://registry.yarnpkg.com/react-router-dom/-/react-router-dom-6.22.3.tgz#9781415667fd1361a475146c5826d9f16752a691"
  integrity sha512-7ZILI7HjcE+p31oQvwbokjk6OA/bnFxrhJ19n82Ex9Ph8fNAq+Hm/7KchpMGlTgWhUxRHMMCut+vEtNpWpowKw==
  dependencies:
    "@remix-run/router" "1.15.3"
    react-router "6.22.3"

react-router@6.22.3:
  version "6.22.3"
  resolved "https://registry.yarnpkg.com/react-router/-/react-router-6.22.3.tgz#9d9142f35e08be08c736a2082db5f0c9540a885e"
  integrity sha512-dr2eb3Mj5zK2YISHK++foM9w4eBnO23eKnZEDs7c880P6oKbrjz/Svg9+nxqtHQK+oMW4OtjZca0RqPglXxguQ==
  dependencies:
    "@remix-run/router" "1.15.3"

react-transition-group@^4.4.5:
  version "4.4.5"
  resolved "https://registry.yarnpkg.com/react-transition-group/-/react-transition-group-4.4.5.tgz#e53d4e3f3344da8521489fbef8f2581d42becdd1"
  integrity sha512-pZcd1MCJoiKiBR2NRxeCRg13uCXbydPnmB4EOeRrY7480qNWO8IIgQG6zlDkm6uRMsURXPuKq0GWtiM59a5Q6g==
  dependencies:
    "@babel/runtime" "^7.5.5"
    dom-helpers "^5.0.1"
    loose-envify "^1.4.0"
    prop-types "^15.6.2"

react@^18:
  version "18.2.0"
  resolved "https://registry.yarnpkg.com/react/-/react-18.2.0.tgz#555bd98592883255fa00de14f1151a917b5d77d5"
  integrity sha512-/3IjMdb2L9QbBdWiW5e3P2/npwMBaU9mHCSCUzNln0ZCYbcfTsGbTJrU/kGemdH2IWmB2ioZ+zkxtmq6g09fGQ==
  dependencies:
    loose-envify "^1.1.0"

regenerator-runtime@^0.14.0:
  version "0.14.1"
  resolved "https://registry.yarnpkg.com/regenerator-runtime/-/regenerator-runtime-0.14.1.tgz#356ade10263f685dda125100cd862c1db895327f"
  integrity sha512-dYnhHh0nJoMfnkZs6GmmhFknAGRrLznOu5nc9ML+EJxGvrx6H7teuevqVqCuPcPK//3eDrrjQhehXVx9cnkGdw==

scheduler@^0.23.0:
  version "0.23.0"
  resolved "https://registry.yarnpkg.com/scheduler/-/scheduler-0.23.0.tgz#ba8041afc3d30eb206a487b6b384002e4e61fdfe"
  integrity sha512-CtuThmgHNg7zIZWAXi3AsyIzA3n4xx7aNyjwC2VJldO2LMVDhFK+63xGqq6CsJH4rTAt6/M+N4GhZiDYPx9eUw==
  dependencies:
    loose-envify "^1.1.0"

source-map-js@^1.0.2:
  version "1.2.0"
  resolved "https://registry.yarnpkg.com/source-map-js/-/source-map-js-1.2.0.tgz#16b809c162517b5b8c3e7dcd315a2a5c2612b2af"
  integrity sha512-itJW8lvSA0TXEphiRoawsCksnlf8SyvmFzIhltqAHluXd88pkCd+cXJVHTDwdCr0IzwptSm035IHQktUu1QUMg==

streamsearch@^1.1.0:
  version "1.1.0"
  resolved "https://registry.yarnpkg.com/streamsearch/-/streamsearch-1.1.0.tgz#404dd1e2247ca94af554e841a8ef0eaa238da764"
  integrity sha512-Mcc5wHehp9aXz1ax6bZUyY5afg9u2rv5cqQI3mRrYkGC8rW2hM02jWuwjtL++LS5qinSyhj2QfLyNsuc+VsExg==

styled-jsx@5.1.1:
  version "5.1.1"
  resolved "https://registry.yarnpkg.com/styled-jsx/-/styled-jsx-5.1.1.tgz#839a1c3aaacc4e735fed0781b8619ea5d0009d1f"
  integrity sha512-pW7uC1l4mBZ8ugbiZrcIsiIvVx1UmTfw7UkC3Um2tmfUq9Bhk8IiyEIPl6F8agHgjzku6j0xQEZbfA5uSgSaCw==
  dependencies:
    client-only "0.0.1"

stylis@4.2.0:
  version "4.2.0"
  resolved "https://registry.yarnpkg.com/stylis/-/stylis-4.2.0.tgz#79daee0208964c8fe695a42fcffcac633a211a51"
  integrity sha512-Orov6g6BB1sDfYgzWfTHDOxamtX1bE/zo104Dh9e6fqJ3PooipYyfJ0pUmrZO2wAvO8YbEyeFrkV91XTsGMSrw==

tslib@^2.4.0:
  version "2.6.2"
  resolved "https://registry.yarnpkg.com/tslib/-/tslib-2.6.2.tgz#703ac29425e7b37cd6fd456e92404d46d1f3e4ae"
  integrity sha512-AEYxH93jGFPn/a2iVAwW87VuUIkR1FVUKB77NwMF7nBTDkDrrT/Hpt/IrCJ0QXhW27jTBDcf5ZY7w6RiqTMw2Q==
